{
  "pins" : [
    {
      "identity" : "mqttclient-spm",
      "kind" : "remoteSourceControl",
      "location" : "git@github.com:aibo-cora/MQTTClient-SPM.git",
      "state" : {
        "revision" : "bf3ba38e2dd375bd13623fd824f8e2328683cc94",
        "version" : "0.15.3"
      }
    },
    {
      "identity" : "socketrocket-spm",
      "kind" : "remoteSourceControl",
      "location" : "git@github.com:aibo-cora/SocketRocket-SPM.git",
      "state" : {
        "revision" : "fe86ec01176ea3365ffa2d04a2bb6dd7a9e6c01e",
        "version" : "0.6.0"
      }
    }
  ],
  "version" : 2
}
